
Microsoft Visual Studio Solution File, Format Version 12.00
# Visual Studio Version 16
VisualStudioVersion = 16.0.29411.108
MinimumVisualStudioVersion = 10.0.40219.1
Project("{FAE04EC0-301F-11D3-BF4B-00C04F79EFBC}") = "Vetkom", "Kursovoy_proekt\Vetkom.csproj", "{251354D5-9F3D-457B-BE6E-B4A34400DFCC}"
EndProject
Global
	GlobalSection(SolutionConfigurationPlatforms) = preSolution
		Debug|Any CPU = Debug|Any CPU
		Release|Any CPU = Release|Any CPU
	EndGlobalSection
	GlobalSection(ProjectConfigurationPlatforms) = postSolution
		{251354D5-9F3D-457B-BE6E-B4A34400DFCC}.Debug|Any CPU.ActiveCfg = Debug|Any CPU
		{251354D5-9F3D-457B-BE6E-B4A34400DFCC}.Debug|Any CPU.Build.0 = Debug|Any CPU
		{251354D5-9F3D-457B-BE6E-B4A34400DFCC}.Release|Any CPU.ActiveCfg = Release|Any CPU
		{251354D5-9F3D-457B-BE6E-B4A34400DFCC}.Release|Any CPU.Build.0 = Release|Any CPU
	EndGlobalSection
	GlobalSection(SolutionProperties) = preSolution
		HideSolutionNode = FALSE
	EndGlobalSection
	GlobalSection(ExtensibilityGlobals) = postSolution
		SolutionGuid = {8E6D6D1A-07B5-46C2-8B02-C18347CC324F}
	EndGlobalSection
EndGlobal
